
Microsoft Visual Studio Solution File, Format Version 12.00
# Visual Studio Version 17
VisualStudioVersion = 17.0.31903.59
MinimumVisualStudioVersion = 10.0.40219.1
Project("{9A19103F-16F7-4668-BE54-9A1E7A4F7556}") = "CQRS.Core", "..\CQRS-ES\CQRS.Core\CQRS.Core.csproj", "{FD014552-8384-42A1-B210-38EA384EEC46}"
EndProject
Project("{2150E333-8FDC-42A3-9474-1A3956D46DE8}") = "Post.Command", "Post.Command", "{ED76B71B-3579-4A17-8DB2-603EA189750A}"
EndProject
Project("{2150E333-8FDC-42A3-9474-1A3956D46DE8}") = "External", "External", "{17D1BA07-92E0-46EF-B118-9942A9C979F9}"
EndProject
Project("{9A19103F-16F7-4668-BE54-9A1E7A4F7556}") = "Post.Command.Api", "Post.Command\External\Post.Command.Api\Post.Command.Api.csproj", "{71B72C5B-0637-48BB-B60D-2B420553D0FF}"
EndProject
Project("{9A19103F-16F7-4668-BE54-9A1E7A4F7556}") = "Post.Command.Infrastructure", "Post.Command\External\Post.Command.Infrastructure\Post.Command.Infrastructure.csproj", "{94BCAAED-70B8-48FD-8340-1BBAC15DC8F7}"
EndProject
Project("{2150E333-8FDC-42A3-9474-1A3956D46DE8}") = "Core", "Core", "{86CC609B-D987-4054-AF8F-BD9E6045DC3D}"
EndProject
Project("{9A19103F-16F7-4668-BE54-9A1E7A4F7556}") = "Post.Command.Domain", "Post.Command\Core\Post.Command.Domain\Post.Command.Domain.csproj", "{148893B5-674C-48B7-BC39-2ED72F32C937}"
EndProject
Project("{9A19103F-16F7-4668-BE54-9A1E7A4F7556}") = "Post.Command.Application", "Post.Command\Core\Post.Command.Application\Post.Command.Application.csproj", "{10219662-1359-4B89-8F28-03E7A304FA87}"
EndProject
Project("{2150E333-8FDC-42A3-9474-1A3956D46DE8}") = "Post.Query", "Post.Query", "{5082D4A1-4147-49EF-AE4C-311FE26B85C3}"
EndProject
Project("{2150E333-8FDC-42A3-9474-1A3956D46DE8}") = "External", "External", "{5937EE3B-21C4-4E27-9714-9F6E156336B2}"
EndProject
Project("{9A19103F-16F7-4668-BE54-9A1E7A4F7556}") = "Post.Query.Api", "Post.Query\External\Post.Query.Api\Post.Query.Api.csproj", "{DF928B40-320F-4E76-AC2E-5F419B77004E}"
EndProject
Project("{9A19103F-16F7-4668-BE54-9A1E7A4F7556}") = "Post.Query.Infrastructure", "Post.Query\External\Post.Query.Infrastructure\Post.Query.Infrastructure.csproj", "{5B4BF1AA-A7E3-4A75-866D-FD1714329709}"
EndProject
Project("{2150E333-8FDC-42A3-9474-1A3956D46DE8}") = "Core", "Core", "{241C7BB4-0F25-48ED-9FCB-97CC5E70F45F}"
EndProject
Project("{9A19103F-16F7-4668-BE54-9A1E7A4F7556}") = "Post.Query.Application", "Post.Query\Core\Post.Query.Application\Post.Query.Application.csproj", "{C586909A-1F3B-498F-8399-C97A9347E2DE}"
EndProject
Project("{9A19103F-16F7-4668-BE54-9A1E7A4F7556}") = "Post.Query.Domain", "Post.Query\Core\Post.Query.Domain\Post.Query.Domain.csproj", "{9FC714CE-13DB-47D8-8437-2D7077D78B82}"
EndProject
Project("{9A19103F-16F7-4668-BE54-9A1E7A4F7556}") = "Post.Common", "Post.Common\Post.Common.csproj", "{4DA25D65-CAC2-4389-A439-EB0D7E6FBBEE}"
EndProject
Global
	GlobalSection(SolutionConfigurationPlatforms) = preSolution
		Debug|Any CPU = Debug|Any CPU
		Release|Any CPU = Release|Any CPU
	EndGlobalSection
	GlobalSection(ProjectConfigurationPlatforms) = postSolution
		{FD014552-8384-42A1-B210-38EA384EEC46}.Debug|Any CPU.ActiveCfg = Debug|Any CPU
		{FD014552-8384-42A1-B210-38EA384EEC46}.Debug|Any CPU.Build.0 = Debug|Any CPU
		{FD014552-8384-42A1-B210-38EA384EEC46}.Release|Any CPU.ActiveCfg = Release|Any CPU
		{FD014552-8384-42A1-B210-38EA384EEC46}.Release|Any CPU.Build.0 = Release|Any CPU
		{71B72C5B-0637-48BB-B60D-2B420553D0FF}.Debug|Any CPU.ActiveCfg = Debug|Any CPU
		{71B72C5B-0637-48BB-B60D-2B420553D0FF}.Debug|Any CPU.Build.0 = Debug|Any CPU
		{71B72C5B-0637-48BB-B60D-2B420553D0FF}.Release|Any CPU.ActiveCfg = Release|Any CPU
		{71B72C5B-0637-48BB-B60D-2B420553D0FF}.Release|Any CPU.Build.0 = Release|Any CPU
		{94BCAAED-70B8-48FD-8340-1BBAC15DC8F7}.Debug|Any CPU.ActiveCfg = Debug|Any CPU
		{94BCAAED-70B8-48FD-8340-1BBAC15DC8F7}.Debug|Any CPU.Build.0 = Debug|Any CPU
		{94BCAAED-70B8-48FD-8340-1BBAC15DC8F7}.Release|Any CPU.ActiveCfg = Release|Any CPU
		{94BCAAED-70B8-48FD-8340-1BBAC15DC8F7}.Release|Any CPU.Build.0 = Release|Any CPU
		{148893B5-674C-48B7-BC39-2ED72F32C937}.Debug|Any CPU.ActiveCfg = Debug|Any CPU
		{148893B5-674C-48B7-BC39-2ED72F32C937}.Debug|Any CPU.Build.0 = Debug|Any CPU
		{148893B5-674C-48B7-BC39-2ED72F32C937}.Release|Any CPU.ActiveCfg = Release|Any CPU
		{148893B5-674C-48B7-BC39-2ED72F32C937}.Release|Any CPU.Build.0 = Release|Any CPU
		{10219662-1359-4B89-8F28-03E7A304FA87}.Debug|Any CPU.ActiveCfg = Debug|Any CPU
		{10219662-1359-4B89-8F28-03E7A304FA87}.Debug|Any CPU.Build.0 = Debug|Any CPU
		{10219662-1359-4B89-8F28-03E7A304FA87}.Release|Any CPU.ActiveCfg = Release|Any CPU
		{10219662-1359-4B89-8F28-03E7A304FA87}.Release|Any CPU.Build.0 = Release|Any CPU
		{DF928B40-320F-4E76-AC2E-5F419B77004E}.Debug|Any CPU.ActiveCfg = Debug|Any CPU
		{DF928B40-320F-4E76-AC2E-5F419B77004E}.Debug|Any CPU.Build.0 = Debug|Any CPU
		{DF928B40-320F-4E76-AC2E-5F419B77004E}.Release|Any CPU.ActiveCfg = Release|Any CPU
		{DF928B40-320F-4E76-AC2E-5F419B77004E}.Release|Any CPU.Build.0 = Release|Any CPU
		{5B4BF1AA-A7E3-4A75-866D-FD1714329709}.Debug|Any CPU.ActiveCfg = Debug|Any CPU
		{5B4BF1AA-A7E3-4A75-866D-FD1714329709}.Debug|Any CPU.Build.0 = Debug|Any CPU
		{5B4BF1AA-A7E3-4A75-866D-FD1714329709}.Release|Any CPU.ActiveCfg = Release|Any CPU
		{5B4BF1AA-A7E3-4A75-866D-FD1714329709}.Release|Any CPU.Build.0 = Release|Any CPU
		{C586909A-1F3B-498F-8399-C97A9347E2DE}.Debug|Any CPU.ActiveCfg = Debug|Any CPU
		{C586909A-1F3B-498F-8399-C97A9347E2DE}.Debug|Any CPU.Build.0 = Debug|Any CPU
		{C586909A-1F3B-498F-8399-C97A9347E2DE}.Release|Any CPU.ActiveCfg = Release|Any CPU
		{C586909A-1F3B-498F-8399-C97A9347E2DE}.Release|Any CPU.Build.0 = Release|Any CPU
		{9FC714CE-13DB-47D8-8437-2D7077D78B82}.Debug|Any CPU.ActiveCfg = Debug|Any CPU
		{9FC714CE-13DB-47D8-8437-2D7077D78B82}.Debug|Any CPU.Build.0 = Debug|Any CPU
		{9FC714CE-13DB-47D8-8437-2D7077D78B82}.Release|Any CPU.ActiveCfg = Release|Any CPU
		{9FC714CE-13DB-47D8-8437-2D7077D78B82}.Release|Any CPU.Build.0 = Release|Any CPU
		{4DA25D65-CAC2-4389-A439-EB0D7E6FBBEE}.Debug|Any CPU.ActiveCfg = Debug|Any CPU
		{4DA25D65-CAC2-4389-A439-EB0D7E6FBBEE}.Debug|Any CPU.Build.0 = Debug|Any CPU
		{4DA25D65-CAC2-4389-A439-EB0D7E6FBBEE}.Release|Any CPU.ActiveCfg = Release|Any CPU
		{4DA25D65-CAC2-4389-A439-EB0D7E6FBBEE}.Release|Any CPU.Build.0 = Release|Any CPU
	EndGlobalSection
	GlobalSection(SolutionProperties) = preSolution
		HideSolutionNode = FALSE
	EndGlobalSection
	GlobalSection(NestedProjects) = preSolution
		{17D1BA07-92E0-46EF-B118-9942A9C979F9} = {ED76B71B-3579-4A17-8DB2-603EA189750A}
		{71B72C5B-0637-48BB-B60D-2B420553D0FF} = {17D1BA07-92E0-46EF-B118-9942A9C979F9}
		{94BCAAED-70B8-48FD-8340-1BBAC15DC8F7} = {17D1BA07-92E0-46EF-B118-9942A9C979F9}
		{86CC609B-D987-4054-AF8F-BD9E6045DC3D} = {ED76B71B-3579-4A17-8DB2-603EA189750A}
		{148893B5-674C-48B7-BC39-2ED72F32C937} = {86CC609B-D987-4054-AF8F-BD9E6045DC3D}
		{10219662-1359-4B89-8F28-03E7A304FA87} = {86CC609B-D987-4054-AF8F-BD9E6045DC3D}
		{5937EE3B-21C4-4E27-9714-9F6E156336B2} = {5082D4A1-4147-49EF-AE4C-311FE26B85C3}
		{DF928B40-320F-4E76-AC2E-5F419B77004E} = {5937EE3B-21C4-4E27-9714-9F6E156336B2}
		{5B4BF1AA-A7E3-4A75-866D-FD1714329709} = {5937EE3B-21C4-4E27-9714-9F6E156336B2}
		{241C7BB4-0F25-48ED-9FCB-97CC5E70F45F} = {5082D4A1-4147-49EF-AE4C-311FE26B85C3}
		{C586909A-1F3B-498F-8399-C97A9347E2DE} = {241C7BB4-0F25-48ED-9FCB-97CC5E70F45F}
		{9FC714CE-13DB-47D8-8437-2D7077D78B82} = {241C7BB4-0F25-48ED-9FCB-97CC5E70F45F}
	EndGlobalSection
EndGlobal
